// !$*UTF8*$!
{
	archiveVersion = 1;
	classes = {
	};
	objectVersion = 56;
	objects = {

/* Begin PBXBuildFile section */
		1507510E2A3BF8E30019F81A /* TM_ProductListCell.m in Sources */ = {isa = PBXBuildFile; fileRef = 1507510D2A3BF8E30019F81A /* TM_ProductListCell.m */; };
		150751112A3BF9270019F81A /* TM_ProductListModel.m in Sources */ = {isa = PBXBuildFile; fileRef = 150751102A3BF9270019F81A /* TM_ProductListModel.m */; };
		150751142A3C06FE0019F81A /* index.html in Resources */ = {isa = PBXBuildFile; fileRef = 150751132A3C06FE0019F81A /* index.html */; };
		150751172A3C0A520019F81A /* TM_BannerModel.m in Sources */ = {isa = PBXBuildFile; fileRef = 150751162A3C0A510019F81A /* TM_BannerModel.m */; };
		1507511A2A3C26880019F81A /* shortMenuDatas.plist in Resources */ = {isa = PBXBuildFile; fileRef = 150751192A3C26880019F81A /* shortMenuDatas.plist */; };
		1507511C2A3C26A10019F81A /* productListDatas.plist in Resources */ = {isa = PBXBuildFile; fileRef = 1507511B2A3C26A10019F81A /* productListDatas.plist */; };
		150751202A3C2A670019F81A /* TM_ConfigTool.m in Sources */ = {isa = PBXBuildFile; fileRef = 1507511F2A3C2A670019F81A /* TM_ConfigTool.m */; };
		150751232A3C2D1D0019F81A /* TM_ShortMenuModel.m in Sources */ = {isa = PBXBuildFile; fileRef = 150751222A3C2D1D0019F81A /* TM_ShortMenuModel.m */; };
		1507512D2A3C52D00019F81A /* TM_MeTopView.m in Sources */ = {isa = PBXBuildFile; fileRef = 1507512C2A3C52D00019F81A /* TM_MeTopView.m */; };
		150751302A3C5AC70019F81A /* TM_OrderFormView.m in Sources */ = {isa = PBXBuildFile; fileRef = 1507512F2A3C5AC70019F81A /* TM_OrderFormView.m */; };
		150751332A3C5AFF0019F81A /* TM_LoginTopView.m in Sources */ = {isa = PBXBuildFile; fileRef = 150751322A3C5AFF0019F81A /* TM_LoginTopView.m */; };
		150CB55E2A4E9D55007CFF15 /* TM_DataCardDetalInfoModel.m in Sources */ = {isa = PBXBuildFile; fileRef = 150CB55D2A4E9D55007CFF15 /* TM_DataCardDetalInfoModel.m */; };
		151A284A2A4977E8004B33E3 /* TM_ForgetPassswordViewController.m in Sources */ = {isa = PBXBuildFile; fileRef = 151A28492A4977E8004B33E3 /* TM_ForgetPassswordViewController.m */; };
		151A284D2A4A7C5C004B33E3 /* TM_AttributeTextView.m in Sources */ = {isa = PBXBuildFile; fileRef = 151A284C2A4A7C5C004B33E3 /* TM_AttributeTextView.m */; };
		151A284F2A4A7C79004B33E3 /* TM_ServicePageViewController.m in Sources */ = {isa = PBXBuildFile; fileRef = 151A284E2A4A7C79004B33E3 /* TM_ServicePageViewController.m */; };
		154FF7712A42C49F00FAEE73 /* TM_LoginApiManger.m in Sources */ = {isa = PBXBuildFile; fileRef = 154FF7702A42C49F00FAEE73 /* TM_LoginApiManger.m */; };
		154FF7772A42CD9600FAEE73 /* TM_NetworkTool+TM_Extension.m in Sources */ = {isa = PBXBuildFile; fileRef = 154FF7762A42CD9600FAEE73 /* TM_NetworkTool+TM_Extension.m */; };
		155D389D2A55524600310AE2 /* TM_WKBaseWebViewController.m in Sources */ = {isa = PBXBuildFile; fileRef = 155D389C2A55524600310AE2 /* TM_WKBaseWebViewController.m */; };
		155D38A12A55569A00310AE2 /* TM_WKRequestHandle.m in Sources */ = {isa = PBXBuildFile; fileRef = 155D38A02A55569A00310AE2 /* TM_WKRequestHandle.m */; };
		155D38A42A55594600310AE2 /* TM_AboutCompanyController.m in Sources */ = {isa = PBXBuildFile; fileRef = 155D38A32A55594600310AE2 /* TM_AboutCompanyController.m */; };
		155D38A72A555F9800310AE2 /* TM_ProtocolViewController.m in Sources */ = {isa = PBXBuildFile; fileRef = 155D38A62A555F9800310AE2 /* TM_ProtocolViewController.m */; };
		155D38AB2A55639C00310AE2 /* JTDefinitionTextView.m in Sources */ = {isa = PBXBuildFile; fileRef = 155D38AA2A55639C00310AE2 /* JTDefinitionTextView.m */; };
		155D38AE2A5570D200310AE2 /* TM_RechargeViewController.m in Sources */ = {isa = PBXBuildFile; fileRef = 155D38AD2A5570D200310AE2 /* TM_RechargeViewController.m */; };
		155D38B12A56B87B00310AE2 /* JT_TopSegmentMenuView.m in Sources */ = {isa = PBXBuildFile; fileRef = 155D38AF2A56B87A00310AE2 /* JT_TopSegmentMenuView.m */; };
		1586F3BA2A384DAE00B526BC /* UIColor+TM_HexToUIColor.m in Sources */ = {isa = PBXBuildFile; fileRef = 1586F3B92A384DAE00B526BC /* UIColor+TM_HexToUIColor.m */; };
		1586F3BD2A384E3500B526BC /* UIImage+TM_Category.m in Sources */ = {isa = PBXBuildFile; fileRef = 1586F3BC2A384E3500B526BC /* UIImage+TM_Category.m */; };
		1586F3C12A3851A900B526BC /* TM_NetworkTool.m in Sources */ = {isa = PBXBuildFile; fileRef = 1586F3C02A3851A900B526BC /* TM_NetworkTool.m */; };
		1586F3CB2A386C4800B526BC /* UIImageView+TM_Category.m in Sources */ = {isa = PBXBuildFile; fileRef = 1586F3CA2A386C4800B526BC /* UIImageView+TM_Category.m */; };
		1586F3CE2A386C7300B526BC /* UILabel+TM_Category.m in Sources */ = {isa = PBXBuildFile; fileRef = 1586F3CD2A386C7300B526BC /* UILabel+TM_Category.m */; };
		1586F3D12A386D5200B526BC /* UIView+TM_Category.m in Sources */ = {isa = PBXBuildFile; fileRef = 1586F3D02A386D5200B526BC /* UIView+TM_Category.m */; };
		1586F3F32A395C0000B526BC /* TM_NavTitleView.m in Sources */ = {isa = PBXBuildFile; fileRef = 1586F3F12A395C0000B526BC /* TM_NavTitleView.m */; };
		1586F3F42A395C0000B526BC /* TM_imgLabelButton.m in Sources */ = {isa = PBXBuildFile; fileRef = 1586F3F22A395C0000B526BC /* TM_imgLabelButton.m */; };
		1586F3F72A39615C00B526BC /* TM_ScrollView.m in Sources */ = {isa = PBXBuildFile; fileRef = 1586F3F62A39615C00B526BC /* TM_ScrollView.m */; };
		159A209B2A39A03500541913 /* TM_HomeShortcutMenuView.m in Sources */ = {isa = PBXBuildFile; fileRef = 159A209A2A39A03500541913 /* TM_HomeShortcutMenuView.m */; };
		159A20A52A39B61C00541913 /* TM_HomeProductView.m in Sources */ = {isa = PBXBuildFile; fileRef = 159A20A42A39B61C00541913 /* TM_HomeProductView.m */; };
		159E476A2A4BCE0E00810719 /* TM_StorageData.m in Sources */ = {isa = PBXBuildFile; fileRef = 159E47692A4BCE0E00810719 /* TM_StorageData.m */; };
		159E476D2A4BD45600810719 /* TM_DataCardManagerViewController.m in Sources */ = {isa = PBXBuildFile; fileRef = 159E476C2A4BD45600810719 /* TM_DataCardManagerViewController.m */; };
		159E47702A4C280400810719 /* TM_DataCardInfoModel.m in Sources */ = {isa = PBXBuildFile; fileRef = 159E476F2A4C280400810719 /* TM_DataCardInfoModel.m */; };
		159E47732A4C359400810719 /* TM_DataCardApiManager.m in Sources */ = {isa = PBXBuildFile; fileRef = 159E47722A4C359400810719 /* TM_DataCardApiManager.m */; };
		15A307362A5423B8004D70CA /* JTNetworkSignalView.m in Sources */ = {isa = PBXBuildFile; fileRef = 15A307352A5423B8004D70CA /* JTNetworkSignalView.m */; };
		15A427A22A4D27A90018A96F /* TM_DeviceDetailViewController.m in Sources */ = {isa = PBXBuildFile; fileRef = 15A427A12A4D27A90018A96F /* TM_DeviceDetailViewController.m */; };
		15A427A62A4D2AE40018A96F /* TM_SM4.c in Sources */ = {isa = PBXBuildFile; fileRef = 15A427A52A4D2AE40018A96F /* TM_SM4.c */; };
		15A427A92A4D2B4C0018A96F /* NSString+TM_Encrypt.m in Sources */ = {isa = PBXBuildFile; fileRef = 15A427A82A4D2B4C0018A96F /* NSString+TM_Encrypt.m */; };
		15A427AC2A4D2BBF0018A96F /* TM_UserInfo.m in Sources */ = {isa = PBXBuildFile; fileRef = 15A427AB2A4D2BBF0018A96F /* TM_UserInfo.m */; };
		15A427AF2A4D2EEB0018A96F /* TM_SettingManager.m in Sources */ = {isa = PBXBuildFile; fileRef = 15A427AE2A4D2EEB0018A96F /* TM_SettingManager.m */; };
		15A427B22A4D48BE0018A96F /* TM_KeyChain.m in Sources */ = {isa = PBXBuildFile; fileRef = 15A427B12A4D48BE0018A96F /* TM_KeyChain.m */; };
		15A427B52A4D4FA90018A96F /* TM_KeyChainDataDIc.m in Sources */ = {isa = PBXBuildFile; fileRef = 15A427B42A4D4FA90018A96F /* TM_KeyChainDataDIc.m */; };
		15A427B82A4D53930018A96F /* TM_Object.m in Sources */ = {isa = PBXBuildFile; fileRef = 15A427B72A4D53930018A96F /* TM_Object.m */; };
		15A427BA2A4D58AF0018A96F /* Foundation.framework in Frameworks */ = {isa = PBXBuildFile; fileRef = 15A427B92A4D58AF0018A96F /* Foundation.framework */; };
		15A427BD2A4D5F5C0018A96F /* TM_SettingViewController.m in Sources */ = {isa = PBXBuildFile; fileRef = 15A427BC2A4D5F5C0018A96F /* TM_SettingViewController.m */; };
		15A427C12A4D73D20018A96F /* personalDatas.json in Resources */ = {isa = PBXBuildFile; fileRef = 15A427C02A4D73A40018A96F /* personalDatas.json */; };
		15BB8EC52A36A42800A66E51 /* TMAppDelegate.m in Sources */ = {isa = PBXBuildFile; fileRef = 15BB8EC42A36A42800A66E51 /* TMAppDelegate.m */; };
		15BB8ED02A36A42F00A66E51 /* Assets.xcassets in Resources */ = {isa = PBXBuildFile; fileRef = 15BB8ECF2A36A42F00A66E51 /* Assets.xcassets */; };
		15BB8ED32A36A42F00A66E51 /* LaunchScreen.storyboard in Resources */ = {isa = PBXBuildFile; fileRef = 15BB8ED12A36A42F00A66E51 /* LaunchScreen.storyboard */; };
		15BB8ED62A36A42F00A66E51 /* main.m in Sources */ = {isa = PBXBuildFile; fileRef = 15BB8ED52A36A42F00A66E51 /* main.m */; };
		15BB8EED2A38178900A66E51 /* TM_BaseViewController.m in Sources */ = {isa = PBXBuildFile; fileRef = 15BB8EEC2A38178900A66E51 /* TM_BaseViewController.m */; };
		15BB8EF02A3817AF00A66E51 /* TM_NavigationController.m in Sources */ = {isa = PBXBuildFile; fileRef = 15BB8EEF2A3817AF00A66E51 /* TM_NavigationController.m */; };
		15BB8EF62A3819C800A66E51 /* TM_TabBarViewController.m in Sources */ = {isa = PBXBuildFile; fileRef = 15BB8EF52A3819C800A66E51 /* TM_TabBarViewController.m */; };
		15BB8F0E2A3834E800A66E51 /* TM_HomePageViewController.m in Sources */ = {isa = PBXBuildFile; fileRef = 15BB8F0D2A3834E800A66E51 /* TM_HomePageViewController.m */; };
		15BB8F142A38350F00A66E51 /* TM_PersonPageViewController.m in Sources */ = {isa = PBXBuildFile; fileRef = 15BB8F132A38350F00A66E51 /* TM_PersonPageViewController.m */; };
		15BB8F182A383F4100A66E51 /* TM_ClassName.m in Sources */ = {isa = PBXBuildFile; fileRef = 15BB8F172A383F4100A66E51 /* TM_ClassName.m */; };
		15BB8F1B2A38491300A66E51 /* UIView+TM_Frame.m in Sources */ = {isa = PBXBuildFile; fileRef = 15BB8F1A2A38491300A66E51 /* UIView+TM_Frame.m */; };
		15BC21522A40454500323D13 /* settingDatas.plist in Resources */ = {isa = PBXBuildFile; fileRef = 15BC21512A40454500323D13 /* settingDatas.plist */; };
		15BC215A2A414A8100323D13 /* generalDatas.json in Resources */ = {isa = PBXBuildFile; fileRef = 15BC21572A4144BA00323D13 /* generalDatas.json */; };
		15BC215F2A41711E00323D13 /* TM_LoginViewController.m in Sources */ = {isa = PBXBuildFile; fileRef = 15BC215E2A41711E00323D13 /* TM_LoginViewController.m */; };
		15CE23352A493C4500DD595E /* TM_RegisterViewController.m in Sources */ = {isa = PBXBuildFile; fileRef = 15CE23342A493C4500DD595E /* TM_RegisterViewController.m */; };
		15CE23382A4954A400DD595E /* UIView+TM_View.m in Sources */ = {isa = PBXBuildFile; fileRef = 15CE23372A4954A400DD595E /* UIView+TM_View.m */; };
		95823E6D29F61185C4D705EE /* libPods-TIanmu.a in Frameworks */ = {isa = PBXBuildFile; fileRef = D17A36117D471399C28E1EAA /* libPods-TIanmu.a */; };
/* End PBXBuildFile section */

/* Begin PBXFileReference section */
		1507510C2A3BF8E30019F81A /* TM_ProductListCell.h */ = {isa = PBXFileReference; lastKnownFileType = sourcecode.c.h; path = TM_ProductListCell.h; sourceTree = "<group>"; };
		1507510D2A3BF8E30019F81A /* TM_ProductListCell.m */ = {isa = PBXFileReference; lastKnownFileType = sourcecode.c.objc; path = TM_ProductListCell.m; sourceTree = "<group>"; };
		1507510F2A3BF9270019F81A /* TM_ProductListModel.h */ = {isa = PBXFileReference; lastKnownFileType = sourcecode.c.h; path = TM_ProductListModel.h; sourceTree = "<group>"; };
		150751102A3BF9270019F81A /* TM_ProductListModel.m */ = {isa = PBXFileReference; lastKnownFileType = sourcecode.c.objc; path = TM_ProductListModel.m; sourceTree = "<group>"; };
		150751132A3C06FE0019F81A /* index.html */ = {isa = PBXFileReference; fileEncoding = 4; lastKnownFileType = text.html; path = index.html; sourceTree = "<group>"; };
		150751152A3C0A510019F81A /* TM_BannerModel.h */ = {isa = PBXFileReference; lastKnownFileType = sourcecode.c.h; path = TM_BannerModel.h; sourceTree = "<group>"; };
		150751162A3C0A510019F81A /* TM_BannerModel.m */ = {isa = PBXFileReference; lastKnownFileType = sourcecode.c.objc; path = TM_BannerModel.m; sourceTree = "<group>"; };
		150751192A3C26880019F81A /* shortMenuDatas.plist */ = {isa = PBXFileReference; lastKnownFileType = text.plist.xml; path = shortMenuDatas.plist; sourceTree = "<group>"; };
		1507511B2A3C26A10019F81A /* productListDatas.plist */ = {isa = PBXFileReference; lastKnownFileType = text.plist.xml; path = productListDatas.plist; sourceTree = "<group>"; };
		1507511E2A3C2A670019F81A /* TM_ConfigTool.h */ = {isa = PBXFileReference; lastKnownFileType = sourcecode.c.h; path = TM_ConfigTool.h; sourceTree = "<group>"; };
		1507511F2A3C2A670019F81A /* TM_ConfigTool.m */ = {isa = PBXFileReference; lastKnownFileType = sourcecode.c.objc; path = TM_ConfigTool.m; sourceTree = "<group>"; };
		150751212A3C2D1D0019F81A /* TM_ShortMenuModel.h */ = {isa = PBXFileReference; lastKnownFileType = sourcecode.c.h; path = TM_ShortMenuModel.h; sourceTree = "<group>"; };
		150751222A3C2D1D0019F81A /* TM_ShortMenuModel.m */ = {isa = PBXFileReference; lastKnownFileType = sourcecode.c.objc; path = TM_ShortMenuModel.m; sourceTree = "<group>"; };
		1507512B2A3C52D00019F81A /* TM_MeTopView.h */ = {isa = PBXFileReference; lastKnownFileType = sourcecode.c.h; path = TM_MeTopView.h; sourceTree = "<group>"; };
		1507512C2A3C52D00019F81A /* TM_MeTopView.m */ = {isa = PBXFileReference; lastKnownFileType = sourcecode.c.objc; path = TM_MeTopView.m; sourceTree = "<group>"; };
		1507512E2A3C5AC70019F81A /* TM_OrderFormView.h */ = {isa = PBXFileReference; lastKnownFileType = sourcecode.c.h; path = TM_OrderFormView.h; sourceTree = "<group>"; };
		1507512F2A3C5AC70019F81A /* TM_OrderFormView.m */ = {isa = PBXFileReference; lastKnownFileType = sourcecode.c.objc; path = TM_OrderFormView.m; sourceTree = "<group>"; };
		150751312A3C5AFF0019F81A /* TM_LoginTopView.h */ = {isa = PBXFileReference; lastKnownFileType = sourcecode.c.h; path = TM_LoginTopView.h; sourceTree = "<group>"; };
		150751322A3C5AFF0019F81A /* TM_LoginTopView.m */ = {isa = PBXFileReference; lastKnownFileType = sourcecode.c.objc; path = TM_LoginTopView.m; sourceTree = "<group>"; };
		150CB55C2A4E9D55007CFF15 /* TM_DataCardDetalInfoModel.h */ = {isa = PBXFileReference; lastKnownFileType = sourcecode.c.h; path = TM_DataCardDetalInfoModel.h; sourceTree = "<group>"; };
		150CB55D2A4E9D55007CFF15 /* TM_DataCardDetalInfoModel.m */ = {isa = PBXFileReference; lastKnownFileType = sourcecode.c.objc; path = TM_DataCardDetalInfoModel.m; sourceTree = "<group>"; };
		151A28482A4977E8004B33E3 /* TM_ForgetPassswordViewController.h */ = {isa = PBXFileReference; lastKnownFileType = sourcecode.c.h; path = TM_ForgetPassswordViewController.h; sourceTree = "<group>"; };
		151A28492A4977E8004B33E3 /* TM_ForgetPassswordViewController.m */ = {isa = PBXFileReference; lastKnownFileType = sourcecode.c.objc; path = TM_ForgetPassswordViewController.m; sourceTree = "<group>"; };
		151A284B2A4A7C5C004B33E3 /* TM_AttributeTextView.h */ = {isa = PBXFileReference; lastKnownFileType = sourcecode.c.h; path = TM_AttributeTextView.h; sourceTree = "<group>"; };
		151A284C2A4A7C5C004B33E3 /* TM_AttributeTextView.m */ = {isa = PBXFileReference; lastKnownFileType = sourcecode.c.objc; path = TM_AttributeTextView.m; sourceTree = "<group>"; };
		151A284E2A4A7C79004B33E3 /* TM_ServicePageViewController.m */ = {isa = PBXFileReference; fileEncoding = 4; lastKnownFileType = sourcecode.c.objc; path = TM_ServicePageViewController.m; sourceTree = "<group>"; };
		154FF76F2A42C49F00FAEE73 /* TM_LoginApiManger.h */ = {isa = PBXFileReference; lastKnownFileType = sourcecode.c.h; path = TM_LoginApiManger.h; sourceTree = "<group>"; };
		154FF7702A42C49F00FAEE73 /* TM_LoginApiManger.m */ = {isa = PBXFileReference; lastKnownFileType = sourcecode.c.objc; path = TM_LoginApiManger.m; sourceTree = "<group>"; };
		154FF7752A42CD9600FAEE73 /* TM_NetworkTool+TM_Extension.h */ = {isa = PBXFileReference; lastKnownFileType = sourcecode.c.h; path = "TM_NetworkTool+TM_Extension.h"; sourceTree = "<group>"; };
		154FF7762A42CD9600FAEE73 /* TM_NetworkTool+TM_Extension.m */ = {isa = PBXFileReference; lastKnownFileType = sourcecode.c.objc; path = "TM_NetworkTool+TM_Extension.m"; sourceTree = "<group>"; };
		155D389B2A55524600310AE2 /* TM_WKBaseWebViewController.h */ = {isa = PBXFileReference; lastKnownFileType = sourcecode.c.h; path = TM_WKBaseWebViewController.h; sourceTree = "<group>"; };
		155D389C2A55524600310AE2 /* TM_WKBaseWebViewController.m */ = {isa = PBXFileReference; lastKnownFileType = sourcecode.c.objc; path = TM_WKBaseWebViewController.m; sourceTree = "<group>"; };
		155D389F2A55569A00310AE2 /* TM_WKRequestHandle.h */ = {isa = PBXFileReference; lastKnownFileType = sourcecode.c.h; path = TM_WKRequestHandle.h; sourceTree = "<group>"; };
		155D38A02A55569A00310AE2 /* TM_WKRequestHandle.m */ = {isa = PBXFileReference; lastKnownFileType = sourcecode.c.objc; path = TM_WKRequestHandle.m; sourceTree = "<group>"; };
		155D38A22A55594600310AE2 /* TM_AboutCompanyController.h */ = {isa = PBXFileReference; lastKnownFileType = sourcecode.c.h; path = TM_AboutCompanyController.h; sourceTree = "<group>"; };
		155D38A32A55594600310AE2 /* TM_AboutCompanyController.m */ = {isa = PBXFileReference; lastKnownFileType = sourcecode.c.objc; path = TM_AboutCompanyController.m; sourceTree = "<group>"; };
		155D38A52A555F9800310AE2 /* TM_ProtocolViewController.h */ = {isa = PBXFileReference; lastKnownFileType = sourcecode.c.h; path = TM_ProtocolViewController.h; sourceTree = "<group>"; };
		155D38A62A555F9800310AE2 /* TM_ProtocolViewController.m */ = {isa = PBXFileReference; lastKnownFileType = sourcecode.c.objc; path = TM_ProtocolViewController.m; sourceTree = "<group>"; };
		155D38A92A55639B00310AE2 /* JTDefinitionTextView.h */ = {isa = PBXFileReference; fileEncoding = 4; lastKnownFileType = sourcecode.c.h; path = JTDefinitionTextView.h; sourceTree = "<group>"; };
		155D38AA2A55639C00310AE2 /* JTDefinitionTextView.m */ = {isa = PBXFileReference; fileEncoding = 4; lastKnownFileType = sourcecode.c.objc; path = JTDefinitionTextView.m; sourceTree = "<group>"; };
		155D38AC2A5570D200310AE2 /* TM_RechargeViewController.h */ = {isa = PBXFileReference; lastKnownFileType = sourcecode.c.h; path = TM_RechargeViewController.h; sourceTree = "<group>"; };
		155D38AD2A5570D200310AE2 /* TM_RechargeViewController.m */ = {isa = PBXFileReference; lastKnownFileType = sourcecode.c.objc; path = TM_RechargeViewController.m; sourceTree = "<group>"; };
		155D38AF2A56B87A00310AE2 /* JT_TopSegmentMenuView.m */ = {isa = PBXFileReference; fileEncoding = 4; lastKnownFileType = sourcecode.c.objc; path = JT_TopSegmentMenuView.m; sourceTree = "<group>"; };
		155D38B02A56B87B00310AE2 /* JT_TopSegmentMenuView.h */ = {isa = PBXFileReference; fileEncoding = 4; lastKnownFileType = sourcecode.c.h; path = JT_TopSegmentMenuView.h; sourceTree = "<group>"; };
		1586F3B72A384CB700B526BC /* TM_BasicMacro.h */ = {isa = PBXFileReference; lastKnownFileType = sourcecode.c.h; path = TM_BasicMacro.h; sourceTree = "<group>"; };
		1586F3B82A384DAE00B526BC /* UIColor+TM_HexToUIColor.h */ = {isa = PBXFileReference; lastKnownFileType = sourcecode.c.h; path = "UIColor+TM_HexToUIColor.h"; sourceTree = "<group>"; };
		1586F3B92A384DAE00B526BC /* UIColor+TM_HexToUIColor.m */ = {isa = PBXFileReference; lastKnownFileType = sourcecode.c.objc; path = "UIColor+TM_HexToUIColor.m"; sourceTree = "<group>"; };
		1586F3BB2A384E3500B526BC /* UIImage+TM_Category.h */ = {isa = PBXFileReference; lastKnownFileType = sourcecode.c.h; path = "UIImage+TM_Category.h"; sourceTree = "<group>"; };
		1586F3BC2A384E3500B526BC /* UIImage+TM_Category.m */ = {isa = PBXFileReference; lastKnownFileType = sourcecode.c.objc; path = "UIImage+TM_Category.m"; sourceTree = "<group>"; };
		1586F3BF2A3851A900B526BC /* TM_NetworkTool.h */ = {isa = PBXFileReference; lastKnownFileType = sourcecode.c.h; path = TM_NetworkTool.h; sourceTree = "<group>"; };
		1586F3C02A3851A900B526BC /* TM_NetworkTool.m */ = {isa = PBXFileReference; lastKnownFileType = sourcecode.c.objc; path = TM_NetworkTool.m; sourceTree = "<group>"; };
		1586F3C92A386C4800B526BC /* UIImageView+TM_Category.h */ = {isa = PBXFileReference; lastKnownFileType = sourcecode.c.h; path = "UIImageView+TM_Category.h"; sourceTree = "<group>"; };
		1586F3CA2A386C4800B526BC /* UIImageView+TM_Category.m */ = {isa = PBXFileReference; lastKnownFileType = sourcecode.c.objc; path = "UIImageView+TM_Category.m"; sourceTree = "<group>"; };
		1586F3CC2A386C7300B526BC /* UILabel+TM_Category.h */ = {isa = PBXFileReference; lastKnownFileType = sourcecode.c.h; path = "UILabel+TM_Category.h"; sourceTree = "<group>"; };
		1586F3CD2A386C7300B526BC /* UILabel+TM_Category.m */ = {isa = PBXFileReference; lastKnownFileType = sourcecode.c.objc; path = "UILabel+TM_Category.m"; sourceTree = "<group>"; };
		1586F3CF2A386D5200B526BC /* UIView+TM_Category.h */ = {isa = PBXFileReference; lastKnownFileType = sourcecode.c.h; path = "UIView+TM_Category.h"; sourceTree = "<group>"; };
		1586F3D02A386D5200B526BC /* UIView+TM_Category.m */ = {isa = PBXFileReference; lastKnownFileType = sourcecode.c.objc; path = "UIView+TM_Category.m"; sourceTree = "<group>"; };
		1586F3EF2A395BFF00B526BC /* TM_imgLabelButton.h */ = {isa = PBXFileReference; fileEncoding = 4; lastKnownFileType = sourcecode.c.h; path = TM_imgLabelButton.h; sourceTree = "<group>"; };
		1586F3F02A395BFF00B526BC /* TM_NavTitleView.h */ = {isa = PBXFileReference; fileEncoding = 4; lastKnownFileType = sourcecode.c.h; path = TM_NavTitleView.h; sourceTree = "<group>"; };
		1586F3F12A395C0000B526BC /* TM_NavTitleView.m */ = {isa = PBXFileReference; fileEncoding = 4; lastKnownFileType = sourcecode.c.objc; path = TM_NavTitleView.m; sourceTree = "<group>"; };
		1586F3F22A395C0000B526BC /* TM_imgLabelButton.m */ = {isa = PBXFileReference; fileEncoding = 4; lastKnownFileType = sourcecode.c.objc; path = TM_imgLabelButton.m; sourceTree = "<group>"; };
		1586F3F52A39615C00B526BC /* TM_ScrollView.h */ = {isa = PBXFileReference; lastKnownFileType = sourcecode.c.h; path = TM_ScrollView.h; sourceTree = "<group>"; };
		1586F3F62A39615C00B526BC /* TM_ScrollView.m */ = {isa = PBXFileReference; lastKnownFileType = sourcecode.c.objc; path = TM_ScrollView.m; sourceTree = "<group>"; };
		159A20992A39A03500541913 /* TM_HomeShortcutMenuView.h */ = {isa = PBXFileReference; lastKnownFileType = sourcecode.c.h; path = TM_HomeShortcutMenuView.h; sourceTree = "<group>"; };
		159A209A2A39A03500541913 /* TM_HomeShortcutMenuView.m */ = {isa = PBXFileReference; lastKnownFileType = sourcecode.c.objc; path = TM_HomeShortcutMenuView.m; sourceTree = "<group>"; };
		159A20A32A39B61C00541913 /* TM_HomeProductView.h */ = {isa = PBXFileReference; lastKnownFileType = sourcecode.c.h; path = TM_HomeProductView.h; sourceTree = "<group>"; };
		159A20A42A39B61C00541913 /* TM_HomeProductView.m */ = {isa = PBXFileReference; lastKnownFileType = sourcecode.c.objc; path = TM_HomeProductView.m; sourceTree = "<group>"; };
		159E47682A4BCE0E00810719 /* TM_StorageData.h */ = {isa = PBXFileReference; lastKnownFileType = sourcecode.c.h; path = TM_StorageData.h; sourceTree = "<group>"; };
		159E47692A4BCE0E00810719 /* TM_StorageData.m */ = {isa = PBXFileReference; lastKnownFileType = sourcecode.c.objc; path = TM_StorageData.m; sourceTree = "<group>"; };
		159E476B2A4BD45600810719 /* TM_DataCardManagerViewController.h */ = {isa = PBXFileReference; lastKnownFileType = sourcecode.c.h; path = TM_DataCardManagerViewController.h; sourceTree = "<group>"; };
		159E476C2A4BD45600810719 /* TM_DataCardManagerViewController.m */ = {isa = PBXFileReference; lastKnownFileType = sourcecode.c.objc; path = TM_DataCardManagerViewController.m; sourceTree = "<group>"; };
		159E476E2A4C280400810719 /* TM_DataCardInfoModel.h */ = {isa = PBXFileReference; lastKnownFileType = sourcecode.c.h; path = TM_DataCardInfoModel.h; sourceTree = "<group>"; };
		159E476F2A4C280400810719 /* TM_DataCardInfoModel.m */ = {isa = PBXFileReference; lastKnownFileType = sourcecode.c.objc; path = TM_DataCardInfoModel.m; sourceTree = "<group>"; };
		159E47712A4C359400810719 /* TM_DataCardApiManager.h */ = {isa = PBXFileReference; lastKnownFileType = sourcecode.c.h; path = TM_DataCardApiManager.h; sourceTree = "<group>"; };
		159E47722A4C359400810719 /* TM_DataCardApiManager.m */ = {isa = PBXFileReference; lastKnownFileType = sourcecode.c.objc; path = TM_DataCardApiManager.m; sourceTree = "<group>"; };
		15A307342A5423B7004D70CA /* JTNetworkSignalView.h */ = {isa = PBXFileReference; fileEncoding = 4; lastKnownFileType = sourcecode.c.h; path = JTNetworkSignalView.h; sourceTree = "<group>"; };
		15A307352A5423B8004D70CA /* JTNetworkSignalView.m */ = {isa = PBXFileReference; fileEncoding = 4; lastKnownFileType = sourcecode.c.objc; path = JTNetworkSignalView.m; sourceTree = "<group>"; };
		15A427A02A4D27A90018A96F /* TM_DeviceDetailViewController.h */ = {isa = PBXFileReference; lastKnownFileType = sourcecode.c.h; path = TM_DeviceDetailViewController.h; sourceTree = "<group>"; };
		15A427A12A4D27A90018A96F /* TM_DeviceDetailViewController.m */ = {isa = PBXFileReference; lastKnownFileType = sourcecode.c.objc; path = TM_DeviceDetailViewController.m; sourceTree = "<group>"; };
		15A427A42A4D2AE40018A96F /* TM_SM4.h */ = {isa = PBXFileReference; explicitFileType = sourcecode.c.objc; path = TM_SM4.h; sourceTree = "<group>"; };
		15A427A52A4D2AE40018A96F /* TM_SM4.c */ = {isa = PBXFileReference; explicitFileType = sourcecode.c.objc; path = TM_SM4.c; sourceTree = "<group>"; };
		15A427A72A4D2B4C0018A96F /* NSString+TM_Encrypt.h */ = {isa = PBXFileReference; lastKnownFileType = sourcecode.c.h; path = "NSString+TM_Encrypt.h"; sourceTree = "<group>"; };
		15A427A82A4D2B4C0018A96F /* NSString+TM_Encrypt.m */ = {isa = PBXFileReference; lastKnownFileType = sourcecode.c.objc; path = "NSString+TM_Encrypt.m"; sourceTree = "<group>"; };
		15A427AA2A4D2BBF0018A96F /* TM_UserInfo.h */ = {isa = PBXFileReference; lastKnownFileType = sourcecode.c.h; path = TM_UserInfo.h; sourceTree = "<group>"; };
		15A427AB2A4D2BBF0018A96F /* TM_UserInfo.m */ = {isa = PBXFileReference; lastKnownFileType = sourcecode.c.objc; path = TM_UserInfo.m; sourceTree = "<group>"; };
		15A427AD2A4D2EEB0018A96F /* TM_SettingManager.h */ = {isa = PBXFileReference; lastKnownFileType = sourcecode.c.h; path = TM_SettingManager.h; sourceTree = "<group>"; };
		15A427AE2A4D2EEB0018A96F /* TM_SettingManager.m */ = {isa = PBXFileReference; lastKnownFileType = sourcecode.c.objc; path = TM_SettingManager.m; sourceTree = "<group>"; };
		15A427B02A4D48BE0018A96F /* TM_KeyChain.h */ = {isa = PBXFileReference; lastKnownFileType = sourcecode.c.h; path = TM_KeyChain.h; sourceTree = "<group>"; };
		15A427B12A4D48BE0018A96F /* TM_KeyChain.m */ = {isa = PBXFileReference; lastKnownFileType = sourcecode.c.objc; path = TM_KeyChain.m; sourceTree = "<group>"; };
		15A427B32A4D4FA90018A96F /* TM_KeyChainDataDIc.h */ = {isa = PBXFileReference; lastKnownFileType = sourcecode.c.h; path = TM_KeyChainDataDIc.h; sourceTree = "<group>"; };
		15A427B42A4D4FA90018A96F /* TM_KeyChainDataDIc.m */ = {isa = PBXFileReference; lastKnownFileType = sourcecode.c.objc; path = TM_KeyChainDataDIc.m; sourceTree = "<group>"; };
		15A427B62A4D53930018A96F /* TM_Object.h */ = {isa = PBXFileReference; lastKnownFileType = sourcecode.c.h; path = TM_Object.h; sourceTree = "<group>"; };
		15A427B72A4D53930018A96F /* TM_Object.m */ = {isa = PBXFileReference; lastKnownFileType = sourcecode.c.objc; path = TM_Object.m; sourceTree = "<group>"; };
		15A427B92A4D58AF0018A96F /* Foundation.framework */ = {isa = PBXFileReference; lastKnownFileType = wrapper.framework; name = Foundation.framework; path = System/Library/Frameworks/Foundation.framework; sourceTree = SDKROOT; };
		15A427BB2A4D5F5C0018A96F /* TM_SettingViewController.h */ = {isa = PBXFileReference; lastKnownFileType = sourcecode.c.h; path = TM_SettingViewController.h; sourceTree = "<group>"; };
		15A427BC2A4D5F5C0018A96F /* TM_SettingViewController.m */ = {isa = PBXFileReference; lastKnownFileType = sourcecode.c.objc; path = TM_SettingViewController.m; sourceTree = "<group>"; };
		15A427C02A4D73A40018A96F /* personalDatas.json */ = {isa = PBXFileReference; lastKnownFileType = text.json; path = personalDatas.json; sourceTree = "<group>"; };
		15BB8EC02A36A42800A66E51 /* TIanmu.app */ = {isa = PBXFileReference; explicitFileType = wrapper.application; includeInIndex = 0; path = TIanmu.app; sourceTree = BUILT_PRODUCTS_DIR; };
		15BB8EC32A36A42800A66E51 /* TMAppDelegate.h */ = {isa = PBXFileReference; lastKnownFileType = sourcecode.c.h; path = TMAppDelegate.h; sourceTree = "<group>"; };
		15BB8EC42A36A42800A66E51 /* TMAppDelegate.m */ = {isa = PBXFileReference; lastKnownFileType = sourcecode.c.objc; path = TMAppDelegate.m; sourceTree = "<group>"; };
		15BB8ECF2A36A42F00A66E51 /* Assets.xcassets */ = {isa = PBXFileReference; lastKnownFileType = folder.assetcatalog; path = Assets.xcassets; sourceTree = "<group>"; };
		15BB8ED22A36A42F00A66E51 /* Base */ = {isa = PBXFileReference; lastKnownFileType = file.storyboard; name = Base; path = Base.lproj/LaunchScreen.storyboard; sourceTree = "<group>"; };
		15BB8ED42A36A42F00A66E51 /* Info.plist */ = {isa = PBXFileReference; lastKnownFileType = text.plist.xml; path = Info.plist; sourceTree = "<group>"; };
		15BB8ED52A36A42F00A66E51 /* main.m */ = {isa = PBXFileReference; lastKnownFileType = sourcecode.c.objc; path = main.m; sourceTree = "<group>"; };
		15BB8EEB2A38178900A66E51 /* TM_BaseViewController.h */ = {isa = PBXFileReference; lastKnownFileType = sourcecode.c.h; path = TM_BaseViewController.h; sourceTree = "<group>"; };
		15BB8EEC2A38178900A66E51 /* TM_BaseViewController.m */ = {isa = PBXFileReference; lastKnownFileType = sourcecode.c.objc; path = TM_BaseViewController.m; sourceTree = "<group>"; };
		15BB8EEE2A3817AF00A66E51 /* TM_NavigationController.h */ = {isa = PBXFileReference; lastKnownFileType = sourcecode.c.h; path = TM_NavigationController.h; sourceTree = "<group>"; };
		15BB8EEF2A3817AF00A66E51 /* TM_NavigationController.m */ = {isa = PBXFileReference; lastKnownFileType = sourcecode.c.objc; path = TM_NavigationController.m; sourceTree = "<group>"; };
		15BB8EF42A3819C800A66E51 /* TM_TabBarViewController.h */ = {isa = PBXFileReference; lastKnownFileType = sourcecode.c.h; path = TM_TabBarViewController.h; sourceTree = "<group>"; };
		15BB8EF52A3819C800A66E51 /* TM_TabBarViewController.m */ = {isa = PBXFileReference; lastKnownFileType = sourcecode.c.objc; path = TM_TabBarViewController.m; sourceTree = "<group>"; };
		15BB8F042A3832B900A66E51 /* Tianmu-Prefix.h */ = {isa = PBXFileReference; lastKnownFileType = sourcecode.c.h; path = "Tianmu-Prefix.h"; sourceTree = "<group>"; };
		15BB8F0C2A3834E800A66E51 /* TM_HomePageViewController.h */ = {isa = PBXFileReference; lastKnownFileType = sourcecode.c.h; path = TM_HomePageViewController.h; sourceTree = "<group>"; };
		15BB8F0D2A3834E800A66E51 /* TM_HomePageViewController.m */ = {isa = PBXFileReference; lastKnownFileType = sourcecode.c.objc; path = TM_HomePageViewController.m; sourceTree = "<group>"; };
		15BB8F0F2A3834FE00A66E51 /* TM_ServicePageViewController.h */ = {isa = PBXFileReference; lastKnownFileType = sourcecode.c.h; path = TM_ServicePageViewController.h; sourceTree = "<group>"; };
		15BB8F122A38350F00A66E51 /* TM_PersonPageViewController.h */ = {isa = PBXFileReference; lastKnownFileType = sourcecode.c.h; path = TM_PersonPageViewController.h; sourceTree = "<group>"; };
		15BB8F132A38350F00A66E51 /* TM_PersonPageViewController.m */ = {isa = PBXFileReference; lastKnownFileType = sourcecode.c.objc; path = TM_PersonPageViewController.m; sourceTree = "<group>"; };
		15BB8F162A383F4100A66E51 /* TM_ClassName.h */ = {isa = PBXFileReference; lastKnownFileType = sourcecode.c.h; path = TM_ClassName.h; sourceTree = "<group>"; };
		15BB8F172A383F4100A66E51 /* TM_ClassName.m */ = {isa = PBXFileReference; lastKnownFileType = sourcecode.c.objc; path = TM_ClassName.m; sourceTree = "<group>"; };
		15BB8F192A38491300A66E51 /* UIView+TM_Frame.h */ = {isa = PBXFileReference; lastKnownFileType = sourcecode.c.h; path = "UIView+TM_Frame.h"; sourceTree = "<group>"; };
		15BB8F1A2A38491300A66E51 /* UIView+TM_Frame.m */ = {isa = PBXFileReference; lastKnownFileType = sourcecode.c.objc; path = "UIView+TM_Frame.m"; sourceTree = "<group>"; };
		15BC21512A40454500323D13 /* settingDatas.plist */ = {isa = PBXFileReference; lastKnownFileType = text.plist.xml; path = settingDatas.plist; sourceTree = "<group>"; };
		15BC21572A4144BA00323D13 /* generalDatas.json */ = {isa = PBXFileReference; lastKnownFileType = text.json; path = generalDatas.json; sourceTree = "<group>"; };
		15BC215D2A41711E00323D13 /* TM_LoginViewController.h */ = {isa = PBXFileReference; lastKnownFileType = sourcecode.c.h; path = TM_LoginViewController.h; sourceTree = "<group>"; };
		15BC215E2A41711E00323D13 /* TM_LoginViewController.m */ = {isa = PBXFileReference; lastKnownFileType = sourcecode.c.objc; path = TM_LoginViewController.m; sourceTree = "<group>"; };
		15CE23332A493C4500DD595E /* TM_RegisterViewController.h */ = {isa = PBXFileReference; lastKnownFileType = sourcecode.c.h; path = TM_RegisterViewController.h; sourceTree = "<group>"; };
		15CE23342A493C4500DD595E /* TM_RegisterViewController.m */ = {isa = PBXFileReference; lastKnownFileType = sourcecode.c.objc; path = TM_RegisterViewController.m; sourceTree = "<group>"; };
		15CE23362A4954A400DD595E /* UIView+TM_View.h */ = {isa = PBXFileReference; lastKnownFileType = sourcecode.c.h; path = "UIView+TM_View.h"; sourceTree = "<group>"; };
		15CE23372A4954A400DD595E /* UIView+TM_View.m */ = {isa = PBXFileReference; lastKnownFileType = sourcecode.c.objc; path = "UIView+TM_View.m"; sourceTree = "<group>"; };
		7FD968295BA808AA2312CFF1 /* Pods-TIanmu.release.xcconfig */ = {isa = PBXFileReference; includeInIndex = 1; lastKnownFileType = text.xcconfig; name = "Pods-TIanmu.release.xcconfig"; path = "Target Support Files/Pods-TIanmu/Pods-TIanmu.release.xcconfig"; sourceTree = "<group>"; };
		95AB8B63FC18934FD3D58AEE /* Pods-TIanmu.debug.xcconfig */ = {isa = PBXFileReference; includeInIndex = 1; lastKnownFileType = text.xcconfig; name = "Pods-TIanmu.debug.xcconfig"; path = "Target Support Files/Pods-TIanmu/Pods-TIanmu.debug.xcconfig"; sourceTree = "<group>"; };
		D17A36117D471399C28E1EAA /* libPods-TIanmu.a */ = {isa = PBXFileReference; explicitFileType = archive.ar; includeInIndex = 0; path = "libPods-TIanmu.a"; sourceTree = BUILT_PRODUCTS_DIR; };
/* End PBXFileReference section */

/* Begin PBXFrameworksBuildPhase section */
		15BB8EBD2A36A42800A66E51 /* Frameworks */ = {
			isa = PBXFrameworksBuildPhase;
			buildActionMask = 2147483647;
			files = (
				15A427BA2A4D58AF0018A96F /* Foundation.framework in Frameworks */,
				95823E6D29F61185C4D705EE /* libPods-TIanmu.a in Frameworks */,
			);
			runOnlyForDeploymentPostprocessing = 0;
		};
/* End PBXFrameworksBuildPhase section */

/* Begin PBXGroup section */
		150751122A3C06EB0019F81A /* Resource */ = {
			isa = PBXGroup;
			children = (
				150751182A3C26550019F81A /* datas */,
				150751132A3C06FE0019F81A /* index.html */,
			);
			path = Resource;
			sourceTree = "<group>";
		};
		150751182A3C26550019F81A /* datas */ = {
			isa = PBXGroup;
			children = (
				150751192A3C26880019F81A /* shortMenuDatas.plist */,
				15BC21512A40454500323D13 /* settingDatas.plist */,
				1507511B2A3C26A10019F81A /* productListDatas.plist */,
				15BC21572A4144BA00323D13 /* generalDatas.json */,
				15A427C02A4D73A40018A96F /* personalDatas.json */,
			);
			path = datas;
			sourceTree = "<group>";
		};
		1507511D2A3C2A3B0019F81A /* Configs */ = {
			isa = PBXGroup;
			children = (
				1507511E2A3C2A670019F81A /* TM_ConfigTool.h */,
				1507511F2A3C2A670019F81A /* TM_ConfigTool.m */,
				159E47682A4BCE0E00810719 /* TM_StorageData.h */,
				159E47692A4BCE0E00810719 /* TM_StorageData.m */,
				15A427B02A4D48BE0018A96F /* TM_KeyChain.h */,
				15A427B12A4D48BE0018A96F /* TM_KeyChain.m */,
				15A427B32A4D4FA90018A96F /* TM_KeyChainDataDIc.h */,
				15A427B42A4D4FA90018A96F /* TM_KeyChainDataDIc.m */,
			);
			path = Configs;
			sourceTree = "<group>";
		};
		150751242A3C4F620019F81A /* View */ = {
			isa = PBXGroup;
			children = (
				1507512B2A3C52D00019F81A /* TM_MeTopView.h */,
				1507512C2A3C52D00019F81A /* TM_MeTopView.m */,
				150751312A3C5AFF0019F81A /* TM_LoginTopView.h */,
				150751322A3C5AFF0019F81A /* TM_LoginTopView.m */,
				1507512E2A3C5AC70019F81A /* TM_OrderFormView.h */,
				1507512F2A3C5AC70019F81A /* TM_OrderFormView.m */,
			);
			path = View;
			sourceTree = "<group>";
		};
		155D38992A5551C300310AE2 /* Setting */ = {
			isa = PBXGroup;
			children = (
				155D389A2A5551D400310AE2 /* Controller */,
			);
			path = Setting;
			sourceTree = "<group>";
		};
		155D389A2A5551D400310AE2 /* Controller */ = {
			isa = PBXGroup;
			children = (
				15A427BB2A4D5F5C0018A96F /* TM_SettingViewController.h */,
				15A427BC2A4D5F5C0018A96F /* TM_SettingViewController.m */,
				155D38A22A55594600310AE2 /* TM_AboutCompanyController.h */,
				155D38A32A55594600310AE2 /* TM_AboutCompanyController.m */,
				155D38A52A555F9800310AE2 /* TM_ProtocolViewController.h */,
				155D38A62A555F9800310AE2 /* TM_ProtocolViewController.m */,
			);
			path = Controller;
			sourceTree = "<group>";
		};
		155D389E2A55566B00310AE2 /* Handle */ = {
			isa = PBXGroup;
			children = (
				155D389F2A55569A00310AE2 /* TM_WKRequestHandle.h */,
				155D38A02A55569A00310AE2 /* TM_WKRequestHandle.m */,
			);
			path = Handle;
			sourceTree = "<group>";
		};
		155D38A82A55639000310AE2 /* View */ = {
			isa = PBXGroup;
			children = (
				155D38B02A56B87B00310AE2 /* JT_TopSegmentMenuView.h */,
				155D38AF2A56B87A00310AE2 /* JT_TopSegmentMenuView.m */,
				155D38A92A55639B00310AE2 /* JTDefinitionTextView.h */,
				155D38AA2A55639C00310AE2 /* JTDefinitionTextView.m */,
			);
			path = View;
			sourceTree = "<group>";
		};
		1586F3B62A384CA100B526BC /* Macro */ = {
			isa = PBXGroup;
			children = (
				1586F3B72A384CB700B526BC /* TM_BasicMacro.h */,
			);
			path = Macro;
			sourceTree = "<group>";
		};
		1586F3BE2A38518100B526BC /* Network */ = {
			isa = PBXGroup;
			children = (
				1586F3BF2A3851A900B526BC /* TM_NetworkTool.h */,
				1586F3C02A3851A900B526BC /* TM_NetworkTool.m */,
				154FF7752A42CD9600FAEE73 /* TM_NetworkTool+TM_Extension.h */,
				154FF7762A42CD9600FAEE73 /* TM_NetworkTool+TM_Extension.m */,
				154FF76F2A42C49F00FAEE73 /* TM_LoginApiManger.h */,
				154FF7702A42C49F00FAEE73 /* TM_LoginApiManger.m */,
				159E47712A4C359400810719 /* TM_DataCardApiManager.h */,
				159E47722A4C359400810719 /* TM_DataCardApiManager.m */,
			);
			path = Network;
			sourceTree = "<group>";
		};
		1586F3EE2A395BED00B526BC /* View */ = {
			isa = PBXGroup;
			children = (
				1586F3EF2A395BFF00B526BC /* TM_imgLabelButton.h */,
				1586F3F22A395C0000B526BC /* TM_imgLabelButton.m */,
				1586F3F02A395BFF00B526BC /* TM_NavTitleView.h */,
				1586F3F12A395C0000B526BC /* TM_NavTitleView.m */,
				1586F3F52A39615C00B526BC /* TM_ScrollView.h */,
				1586F3F62A39615C00B526BC /* TM_ScrollView.m */,
				159A20992A39A03500541913 /* TM_HomeShortcutMenuView.h */,
				159A209A2A39A03500541913 /* TM_HomeShortcutMenuView.m */,
				159A20A32A39B61C00541913 /* TM_HomeProductView.h */,
				159A20A42A39B61C00541913 /* TM_HomeProductView.m */,
				1507510C2A3BF8E30019F81A /* TM_ProductListCell.h */,
				1507510D2A3BF8E30019F81A /* TM_ProductListCell.m */,
				15A307342A5423B7004D70CA /* JTNetworkSignalView.h */,
				15A307352A5423B8004D70CA /* JTNetworkSignalView.m */,
			);
			path = View;
			sourceTree = "<group>";
		};
		159A209C2A39A0FA00541913 /* Model */ = {
			isa = PBXGroup;
			children = (
				1507510F2A3BF9270019F81A /* TM_ProductListModel.h */,
				150751102A3BF9270019F81A /* TM_ProductListModel.m */,
				150751152A3C0A510019F81A /* TM_BannerModel.h */,
				150751162A3C0A510019F81A /* TM_BannerModel.m */,
				150751212A3C2D1D0019F81A /* TM_ShortMenuModel.h */,
				150751222A3C2D1D0019F81A /* TM_ShortMenuModel.m */,
				159E476E2A4C280400810719 /* TM_DataCardInfoModel.h */,
				159E476F2A4C280400810719 /* TM_DataCardInfoModel.m */,
				150CB55C2A4E9D55007CFF15 /* TM_DataCardDetalInfoModel.h */,
				150CB55D2A4E9D55007CFF15 /* TM_DataCardDetalInfoModel.m */,
			);
			path = Model;
			sourceTree = "<group>";
		};
		159E47742A4C36CA00810719 /* Tool */ = {
			isa = PBXGroup;
			children = (
				15A427AA2A4D2BBF0018A96F /* TM_UserInfo.h */,
				15A427AB2A4D2BBF0018A96F /* TM_UserInfo.m */,
				15A427AD2A4D2EEB0018A96F /* TM_SettingManager.h */,
				15A427AE2A4D2EEB0018A96F /* TM_SettingManager.m */,
			);
			path = Tool;
			sourceTree = "<group>";
		};
		15A427A32A4D2AB90018A96F /* sm4 */ = {
			isa = PBXGroup;
			children = (
				15A427A42A4D2AE40018A96F /* TM_SM4.h */,
				15A427A52A4D2AE40018A96F /* TM_SM4.c */,
				15A427A72A4D2B4C0018A96F /* NSString+TM_Encrypt.h */,
				15A427A82A4D2B4C0018A96F /* NSString+TM_Encrypt.m */,
			);
			path = sm4;
			sourceTree = "<group>";
		};
		15BB8EB72A36A42800A66E51 = {
			isa = PBXGroup;
			children = (
				15BB8EC22A36A42800A66E51 /* TIanmu */,
				15BB8EC12A36A42800A66E51 /* Products */,
				C97BE8278A53D700C2D4E899 /* Pods */,
				6C723870405F1668F5F69CE5 /* Frameworks */,
			);
			sourceTree = "<group>";
		};
		15BB8EC12A36A42800A66E51 /* Products */ = {
			isa = PBXGroup;
			children = (
				15BB8EC02A36A42800A66E51 /* TIanmu.app */,
			);
			name = Products;
			sourceTree = "<group>";
		};
		15BB8EC22A36A42800A66E51 /* TIanmu */ = {
			isa = PBXGroup;
			children = (
				155D38992A5551C300310AE2 /* Setting */,
				15BC215B2A4170B300323D13 /* Login */,
				1507511D2A3C2A3B0019F81A /* Configs */,
				1586F3BE2A38518100B526BC /* Network */,
				15BB8F082A38347900A66E51 /* Person */,
				15BB8F072A38345F00A66E51 /* Service */,
				15BB8F062A38345400A66E51 /* Home */,
				15BB8EEA2A38127B00A66E51 /* Base */,
				15BB8F152A38383900A66E51 /* Tool */,
				15BB8EDC2A370AB000A66E51 /* Vendors */,
				15BB8ECF2A36A42F00A66E51 /* Assets.xcassets */,
				150751122A3C06EB0019F81A /* Resource */,
				15BB8ED12A36A42F00A66E51 /* LaunchScreen.storyboard */,
				15BB8ED42A36A42F00A66E51 /* Info.plist */,
				15BB8F052A3832C700A66E51 /* Supporting */,
			);
			path = TIanmu;
			sourceTree = "<group>";
		};
		15BB8EDC2A370AB000A66E51 /* Vendors */ = {
			isa = PBXGroup;
			children = (
				15A427A32A4D2AB90018A96F /* sm4 */,
			);
			path = Vendors;
			sourceTree = "<group>";
		};
		15BB8EEA2A38127B00A66E51 /* Base */ = {
			isa = PBXGroup;
			children = (
				15BB8EEB2A38178900A66E51 /* TM_BaseViewController.h */,
				15BB8EEC2A38178900A66E51 /* TM_BaseViewController.m */,
				15BB8EEE2A3817AF00A66E51 /* TM_NavigationController.h */,
				15BB8EEF2A3817AF00A66E51 /* TM_NavigationController.m */,
				15BB8EF42A3819C800A66E51 /* TM_TabBarViewController.h */,
				15BB8EF52A3819C800A66E51 /* TM_TabBarViewController.m */,
				155D389B2A55524600310AE2 /* TM_WKBaseWebViewController.h */,
				155D389C2A55524600310AE2 /* TM_WKBaseWebViewController.m */,
				15BB8F162A383F4100A66E51 /* TM_ClassName.h */,
				15BB8F172A383F4100A66E51 /* TM_ClassName.m */,
				15A427B62A4D53930018A96F /* TM_Object.h */,
				15A427B72A4D53930018A96F /* TM_Object.m */,
				155D38A82A55639000310AE2 /* View */,
				155D389E2A55566B00310AE2 /* Handle */,
			);
			path = Base;
			sourceTree = "<group>";
		};
		15BB8F052A3832C700A66E51 /* Supporting */ = {
			isa = PBXGroup;
			children = (
				15BB8ED52A36A42F00A66E51 /* main.m */,
				15BB8F042A3832B900A66E51 /* Tianmu-Prefix.h */,
				15BB8EC32A36A42800A66E51 /* TMAppDelegate.h */,
				15BB8EC42A36A42800A66E51 /* TMAppDelegate.m */,
			);
			path = Supporting;
			sourceTree = "<group>";
		};
		15BB8F062A38345400A66E51 /* Home */ = {
			isa = PBXGroup;
			children = (
				159A209C2A39A0FA00541913 /* Model */,
				1586F3EE2A395BED00B526BC /* View */,
				15BB8F092A38349300A66E51 /* Controller */,
			);
			path = Home;
			sourceTree = "<group>";
		};
		15BB8F072A38345F00A66E51 /* Service */ = {
			isa = PBXGroup;
			children = (
				15BB8F0A2A3834A100A66E51 /* Controller */,
			);
			path = Service;
			sourceTree = "<group>";
		};
		15BB8F082A38347900A66E51 /* Person */ = {
			isa = PBXGroup;
			children = (
				150751242A3C4F620019F81A /* View */,
				15BB8F0B2A3834A800A66E51 /* Controller */,
			);
			path = Person;
			sourceTree = "<group>";
		};
		15BB8F092A38349300A66E51 /* Controller */ = {
			isa = PBXGroup;
			children = (
				15BB8F0C2A3834E800A66E51 /* TM_HomePageViewController.h */,
				15BB8F0D2A3834E800A66E51 /* TM_HomePageViewController.m */,
				159E476B2A4BD45600810719 /* TM_DataCardManagerViewController.h */,
				159E476C2A4BD45600810719 /* TM_DataCardManagerViewController.m */,
				15A427A02A4D27A90018A96F /* TM_DeviceDetailViewController.h */,
				15A427A12A4D27A90018A96F /* TM_DeviceDetailViewController.m */,
				155D38AC2A5570D200310AE2 /* TM_RechargeViewController.h */,
				155D38AD2A5570D200310AE2 /* TM_RechargeViewController.m */,
			);
			path = Controller;
			sourceTree = "<group>";
		};
		15BB8F0A2A3834A100A66E51 /* Controller */ = {
			isa = PBXGroup;
			children = (
				15BB8F0F2A3834FE00A66E51 /* TM_ServicePageViewController.h */,
				151A284E2A4A7C79004B33E3 /* TM_ServicePageViewController.m */,
			);
			path = Controller;
			sourceTree = "<group>";
		};
		15BB8F0B2A3834A800A66E51 /* Controller */ = {
			isa = PBXGroup;
			children = (
				15BB8F122A38350F00A66E51 /* TM_PersonPageViewController.h */,
				15BB8F132A38350F00A66E51 /* TM_PersonPageViewController.m */,
			);
			path = Controller;
			sourceTree = "<group>";
		};
		15BB8F152A38383900A66E51 /* Tool */ = {
			isa = PBXGroup;
			children = (
				1586F3B62A384CA100B526BC /* Macro */,
				15BB8F192A38491300A66E51 /* UIView+TM_Frame.h */,
				15BB8F1A2A38491300A66E51 /* UIView+TM_Frame.m */,
				1586F3B82A384DAE00B526BC /* UIColor+TM_HexToUIColor.h */,
				1586F3B92A384DAE00B526BC /* UIColor+TM_HexToUIColor.m */,
				1586F3BB2A384E3500B526BC /* UIImage+TM_Category.h */,
				1586F3BC2A384E3500B526BC /* UIImage+TM_Category.m */,
				1586F3C92A386C4800B526BC /* UIImageView+TM_Category.h */,
				1586F3CA2A386C4800B526BC /* UIImageView+TM_Category.m */,
				1586F3CC2A386C7300B526BC /* UILabel+TM_Category.h */,
				1586F3CD2A386C7300B526BC /* UILabel+TM_Category.m */,
				1586F3CF2A386D5200B526BC /* UIView+TM_Category.h */,
				1586F3D02A386D5200B526BC /* UIView+TM_Category.m */,
				15CE23362A4954A400DD595E /* UIView+TM_View.h */,
				15CE23372A4954A400DD595E /* UIView+TM_View.m */,
				151A284B2A4A7C5C004B33E3 /* TM_AttributeTextView.h */,
				151A284C2A4A7C5C004B33E3 /* TM_AttributeTextView.m */,
			);
			path = Tool;
			sourceTree = "<group>";
		};
		15BC215B2A4170B300323D13 /* Login */ = {
			isa = PBXGroup;
			children = (
				159E47742A4C36CA00810719 /* Tool */,
				15BC215C2A4170BD00323D13 /* Controller */,
			);
			path = Login;
			sourceTree = "<group>";
		};
		15BC215C2A4170BD00323D13 /* Controller */ = {
			isa = PBXGroup;
			children = (
				15BC215D2A41711E00323D13 /* TM_LoginViewController.h */,
				15BC215E2A41711E00323D13 /* TM_LoginViewController.m */,
				15CE23332A493C4500DD595E /* TM_RegisterViewController.h */,
				15CE23342A493C4500DD595E /* TM_RegisterViewController.m */,
				151A28482A4977E8004B33E3 /* TM_ForgetPassswordViewController.h */,
				151A28492A4977E8004B33E3 /* TM_ForgetPassswordViewController.m */,
			);
			path = Controller;
			sourceTree = "<group>";
		};
		6C723870405F1668F5F69CE5 /* Frameworks */ = {
			isa = PBXGroup;
			children = (
				15A427B92A4D58AF0018A96F /* Foundation.framework */,
				D17A36117D471399C28E1EAA /* libPods-TIanmu.a */,
			);
			name = Frameworks;
			sourceTree = "<group>";
		};
		C97BE8278A53D700C2D4E899 /* Pods */ = {
			isa = PBXGroup;
			children = (
				95AB8B63FC18934FD3D58AEE /* Pods-TIanmu.debug.xcconfig */,
				7FD968295BA808AA2312CFF1 /* Pods-TIanmu.release.xcconfig */,
			);
			path = Pods;
			sourceTree = "<group>";
		};
/* End PBXGroup section */

/* Begin PBXNativeTarget section */
		15BB8EBF2A36A42800A66E51 /* TIanmu */ = {
			isa = PBXNativeTarget;
			buildConfigurationList = 15BB8ED92A36A42F00A66E51 /* Build configuration list for PBXNativeTarget "TIanmu" */;
			buildPhases = (
				D47DD2652D7040307D682C02 /* [CP] Check Pods Manifest.lock */,
				15BB8EBC2A36A42800A66E51 /* Sources */,
				15BB8EBD2A36A42800A66E51 /* Frameworks */,
				15BB8EBE2A36A42800A66E51 /* Resources */,
				1A08F99BF83CFB053374647B /* [CP] Copy Pods Resources */,
			);
			buildRules = (
			);
			dependencies = (
			);
			name = TIanmu;
			productName = TIanmu;
			productReference = 15BB8EC02A36A42800A66E51 /* TIanmu.app */;
			productType = "com.apple.product-type.application";
		};
/* End PBXNativeTarget section */

/* Begin PBXProject section */
		15BB8EB82A36A42800A66E51 /* Project object */ = {
			isa = PBXProject;
			attributes = {
				BuildIndependentTargetsInParallel = 1;
				CLASSPREFIX = TM_;
				LastUpgradeCheck = 1400;
				TargetAttributes = {
					15BB8EBF2A36A42800A66E51 = {
						CreatedOnToolsVersion = 14.0.1;
					};
				};
			};
			buildConfigurationList = 15BB8EBB2A36A42800A66E51 /* Build configuration list for PBXProject "TIanmu" */;
			compatibilityVersion = "Xcode 14.0";
			developmentRegion = en;
			hasScannedForEncodings = 0;
			knownRegions = (
				en,
				Base,
			);
			mainGroup = 15BB8EB72A36A42800A66E51;
			productRefGroup = 15BB8EC12A36A42800A66E51 /* Products */;
			projectDirPath = "";
			projectRoot = "";
			targets = (
				15BB8EBF2A36A42800A66E51 /* TIanmu */,
			);
		};
/* End PBXProject section */

/* Begin PBXResourcesBuildPhase section */
		15BB8EBE2A36A42800A66E51 /* Resources */ = {
			isa = PBXResourcesBuildPhase;
			buildActionMask = 2147483647;
			files = (
				150751142A3C06FE0019F81A /* index.html in Resources */,
				15BC21522A40454500323D13 /* settingDatas.plist in Resources */,
				15BB8ED32A36A42F00A66E51 /* LaunchScreen.storyboard in Resources */,
				15A427C12A4D73D20018A96F /* personalDatas.json in Resources */,
				1507511A2A3C26880019F81A /* shortMenuDatas.plist in Resources */,
				15BC215A2A414A8100323D13 /* generalDatas.json in Resources */,
				1507511C2A3C26A10019F81A /* productListDatas.plist in Resources */,
				15BB8ED02A36A42F00A66E51 /* Assets.xcassets in Resources */,
			);
			runOnlyForDeploymentPostprocessing = 0;
		};
/* End PBXResourcesBuildPhase section */

/* Begin PBXShellScriptBuildPhase section */
		1A08F99BF83CFB053374647B /* [CP] Copy Pods Resources */ = {
			isa = PBXShellScriptBuildPhase;
			buildActionMask = 2147483647;
			files = (
			);
			inputFileListPaths = (
				"${PODS_ROOT}/Target Support Files/Pods-TIanmu/Pods-TIanmu-resources-${CONFIGURATION}-input-files.xcfilelist",
			);
			name = "[CP] Copy Pods Resources";
			outputFileListPaths = (
				"${PODS_ROOT}/Target Support Files/Pods-TIanmu/Pods-TIanmu-resources-${CONFIGURATION}-output-files.xcfilelist",
			);
			runOnlyForDeploymentPostprocessing = 0;
			shellPath = /bin/sh;
			shellScript = "\"${PODS_ROOT}/Target Support Files/Pods-TIanmu/Pods-TIanmu-resources.sh\"\n";
			showEnvVarsInLog = 0;
		};
		D47DD2652D7040307D682C02 /* [CP] Check Pods Manifest.lock */ = {
			isa = PBXShellScriptBuildPhase;
			buildActionMask = 2147483647;
			files = (
			);
			inputFileListPaths = (
			);
			inputPaths = (
				"${PODS_PODFILE_DIR_PATH}/Podfile.lock",
				"${PODS_ROOT}/Manifest.lock",
			);
			name = "[CP] Check Pods Manifest.lock";
			outputFileListPaths = (
			);
			outputPaths = (
				"$(DERIVED_FILE_DIR)/Pods-TIanmu-checkManifestLockResult.txt",
			);
			runOnlyForDeploymentPostprocessing = 0;
			shellPath = /bin/sh;
			shellScript = "diff \"${PODS_PODFILE_DIR_PATH}/Podfile.lock\" \"${PODS_ROOT}/Manifest.lock\" > /dev/null\nif [ $? != 0 ] ; then\n    # print error to STDERR\n    echo \"error: The sandbox is not in sync with the Podfile.lock. Run 'pod install' or update your CocoaPods installation.\" >&2\n    exit 1\nfi\n# This output is used by Xcode 'outputs' to avoid re-running this script phase.\necho \"SUCCESS\" > \"${SCRIPT_OUTPUT_FILE_0}\"\n";
			showEnvVarsInLog = 0;
		};
/* End PBXShellScriptBuildPhase section */

/* Begin PBXSourcesBuildPhase section */
		15BB8EBC2A36A42800A66E51 /* Sources */ = {
			isa = PBXSourcesBuildPhase;
			buildActionMask = 2147483647;
			files = (
				155D38AB2A55639C00310AE2 /* JTDefinitionTextView.m in Sources */,
				159E476A2A4BCE0E00810719 /* TM_StorageData.m in Sources */,
				15CE23382A4954A400DD595E /* UIView+TM_View.m in Sources */,
				155D38A12A55569A00310AE2 /* TM_WKRequestHandle.m in Sources */,
				15BB8EC52A36A42800A66E51 /* TMAppDelegate.m in Sources */,
				159E476D2A4BD45600810719 /* TM_DataCardManagerViewController.m in Sources */,
				150751172A3C0A520019F81A /* TM_BannerModel.m in Sources */,
				15A307362A5423B8004D70CA /* JTNetworkSignalView.m in Sources */,
				159A209B2A39A03500541913 /* TM_HomeShortcutMenuView.m in Sources */,
				1586F3CE2A386C7300B526BC /* UILabel+TM_Category.m in Sources */,
				15A427A62A4D2AE40018A96F /* TM_SM4.c in Sources */,
				159A20A52A39B61C00541913 /* TM_HomeProductView.m in Sources */,
				150751332A3C5AFF0019F81A /* TM_LoginTopView.m in Sources */,
				15A427B22A4D48BE0018A96F /* TM_KeyChain.m in Sources */,
				1507512D2A3C52D00019F81A /* TM_MeTopView.m in Sources */,
				15BB8EED2A38178900A66E51 /* TM_BaseViewController.m in Sources */,
				154FF7772A42CD9600FAEE73 /* TM_NetworkTool+TM_Extension.m in Sources */,
				1586F3BD2A384E3500B526BC /* UIImage+TM_Category.m in Sources */,
				15A427A22A4D27A90018A96F /* TM_DeviceDetailViewController.m in Sources */,
				1586F3F42A395C0000B526BC /* TM_imgLabelButton.m in Sources */,
				15A427AF2A4D2EEB0018A96F /* TM_SettingManager.m in Sources */,
				155D38B12A56B87B00310AE2 /* JT_TopSegmentMenuView.m in Sources */,
				1586F3D12A386D5200B526BC /* UIView+TM_Category.m in Sources */,
				15A427B52A4D4FA90018A96F /* TM_KeyChainDataDIc.m in Sources */,
				159E47702A4C280400810719 /* TM_DataCardInfoModel.m in Sources */,
				155D38A72A555F9800310AE2 /* TM_ProtocolViewController.m in Sources */,
				1507510E2A3BF8E30019F81A /* TM_ProductListCell.m in Sources */,
				150751302A3C5AC70019F81A /* TM_OrderFormView.m in Sources */,
				1586F3C12A3851A900B526BC /* TM_NetworkTool.m in Sources */,
				154FF7712A42C49F00FAEE73 /* TM_LoginApiManger.m in Sources */,
				15BB8F142A38350F00A66E51 /* TM_PersonPageViewController.m in Sources */,
				15A427AC2A4D2BBF0018A96F /* TM_UserInfo.m in Sources */,
				15A427A92A4D2B4C0018A96F /* NSString+TM_Encrypt.m in Sources */,
				150751202A3C2A670019F81A /* TM_ConfigTool.m in Sources */,
				15A427B82A4D53930018A96F /* TM_Object.m in Sources */,
				1586F3BA2A384DAE00B526BC /* UIColor+TM_HexToUIColor.m in Sources */,
				15BB8ED62A36A42F00A66E51 /* main.m in Sources */,
				1586F3CB2A386C4800B526BC /* UIImageView+TM_Category.m in Sources */,
				150751232A3C2D1D0019F81A /* TM_ShortMenuModel.m in Sources */,
				151A284A2A4977E8004B33E3 /* TM_ForgetPassswordViewController.m in Sources */,
				1586F3F72A39615C00B526BC /* TM_ScrollView.m in Sources */,
				15BB8F1B2A38491300A66E51 /* UIView+TM_Frame.m in Sources */,
				151A284F2A4A7C79004B33E3 /* TM_ServicePageViewController.m in Sources */,
				15BB8EF02A3817AF00A66E51 /* TM_NavigationController.m in Sources */,
				15A427BD2A4D5F5C0018A96F /* TM_SettingViewController.m in Sources */,
				155D389D2A55524600310AE2 /* TM_WKBaseWebViewController.m in Sources */,
				15CE23352A493C4500DD595E /* TM_RegisterViewController.m in Sources */,
				150CB55E2A4E9D55007CFF15 /* TM_DataCardDetalInfoModel.m in Sources */,
				15BB8EF62A3819C800A66E51 /* TM_TabBarViewController.m in Sources */,
				1586F3F32A395C0000B526BC /* TM_NavTitleView.m in Sources */,
				155D38AE2A5570D200310AE2 /* TM_RechargeViewController.m in Sources */,
				15BB8F0E2A3834E800A66E51 /* TM_HomePageViewController.m in Sources */,
				159E47732A4C359400810719 /* TM_DataCardApiManager.m in Sources */,
				150751112A3BF9270019F81A /* TM_ProductListModel.m in Sources */,
				15BB8F182A383F4100A66E51 /* TM_ClassName.m in Sources */,
				15BC215F2A41711E00323D13 /* TM_LoginViewController.m in Sources */,
				155D38A42A55594600310AE2 /* TM_AboutCompanyController.m in Sources */,
				151A284D2A4A7C5C004B33E3 /* TM_AttributeTextView.m in Sources */,
			);
			runOnlyForDeploymentPostprocessing = 0;
		};
/* End PBXSourcesBuildPhase section */

/* Begin PBXVariantGroup section */
		15BB8ED12A36A42F00A66E51 /* LaunchScreen.storyboard */ = {
			isa = PBXVariantGroup;
			children = (
				15BB8ED22A36A42F00A66E51 /* Base */,
			);
			name = LaunchScreen.storyboard;
			sourceTree = "<group>";
		};
/* End PBXVariantGroup section */

/* Begin XCBuildConfiguration section */
		15BB8ED72A36A42F00A66E51 /* Debug */ = {
			isa = XCBuildConfiguration;
			buildSettings = {
				ALWAYS_SEARCH_USER_PATHS = NO;
				CLANG_ANALYZER_NONNULL = YES;
				CLANG_ANALYZER_NUMBER_OBJECT_CONVERSION = YES_AGGRESSIVE;
				CLANG_CXX_LANGUAGE_STANDARD = "gnu++20";
				CLANG_ENABLE_MODULES = YES;
				CLANG_ENABLE_OBJC_ARC = YES;
				CLANG_ENABLE_OBJC_WEAK = YES;
				CLANG_WARN_BLOCK_CAPTURE_AUTORELEASING = YES;
				CLANG_WARN_BOOL_CONVERSION = YES;
				CLANG_WARN_COMMA = YES;
				CLANG_WARN_CONSTANT_CONVERSION = YES;
				CLANG_WARN_DEPRECATED_OBJC_IMPLEMENTATIONS = YES;
				CLANG_WARN_DIRECT_OBJC_ISA_USAGE = YES_ERROR;
				CLANG_WARN_DOCUMENTATION_COMMENTS = YES;
				CLANG_WARN_EMPTY_BODY = YES;
				CLANG_WARN_ENUM_CONVERSION = YES;
				CLANG_WARN_INFINITE_RECURSION = YES;
				CLANG_WARN_INT_CONVERSION = YES;
				CLANG_WARN_NON_LITERAL_NULL_CONVERSION = YES;
				CLANG_WARN_OBJC_IMPLICIT_RETAIN_SELF = YES;
				CLANG_WARN_OBJC_LITERAL_CONVERSION = YES;
				CLANG_WARN_OBJC_ROOT_CLASS = YES_ERROR;
				CLANG_WARN_QUOTED_INCLUDE_IN_FRAMEWORK_HEADER = YES;
				CLANG_WARN_RANGE_LOOP_ANALYSIS = YES;
				CLANG_WARN_STRICT_PROTOTYPES = YES;
				CLANG_WARN_SUSPICIOUS_MOVE = YES;
				CLANG_WARN_UNGUARDED_AVAILABILITY = YES_AGGRESSIVE;
				CLANG_WARN_UNREACHABLE_CODE = YES;
				CLANG_WARN__DUPLICATE_METHOD_MATCH = YES;
				COPY_PHASE_STRIP = NO;
				DEBUG_INFORMATION_FORMAT = dwarf;
				ENABLE_STRICT_OBJC_MSGSEND = YES;
				ENABLE_TESTABILITY = YES;
				GCC_C_LANGUAGE_STANDARD = gnu11;
				GCC_DYNAMIC_NO_PIC = NO;
				GCC_NO_COMMON_BLOCKS = YES;
				GCC_OPTIMIZATION_LEVEL = 0;
				GCC_PREPROCESSOR_DEFINITIONS = (
					"DEBUG=1",
					"$(inherited)",
				);
				GCC_WARN_64_TO_32_BIT_CONVERSION = YES;
				GCC_WARN_ABOUT_RETURN_TYPE = YES_ERROR;
				GCC_WARN_UNDECLARED_SELECTOR = YES;
				GCC_WARN_UNINITIALIZED_AUTOS = YES_AGGRESSIVE;
				GCC_WARN_UNUSED_FUNCTION = YES;
				GCC_WARN_UNUSED_VARIABLE = YES;
				IPHONEOS_DEPLOYMENT_TARGET = 16.0;
				MTL_ENABLE_DEBUG_INFO = INCLUDE_SOURCE;
				MTL_FAST_MATH = YES;
				ONLY_ACTIVE_ARCH = YES;
				SDKROOT = iphoneos;
			};
			name = Debug;
		};
		15BB8ED82A36A42F00A66E51 /* Release */ = {
			isa = XCBuildConfiguration;
			buildSettings = {
				ALWAYS_SEARCH_USER_PATHS = NO;
				CLANG_ANALYZER_NONNULL = YES;
				CLANG_ANALYZER_NUMBER_OBJECT_CONVERSION = YES_AGGRESSIVE;
				CLANG_CXX_LANGUAGE_STANDARD = "gnu++20";
				CLANG_ENABLE_MODULES = YES;
				CLANG_ENABLE_OBJC_ARC = YES;
				CLANG_ENABLE_OBJC_WEAK = YES;
				CLANG_WARN_BLOCK_CAPTURE_AUTORELEASING = YES;
				CLANG_WARN_BOOL_CONVERSION = YES;
				CLANG_WARN_COMMA = YES;
				CLANG_WARN_CONSTANT_CONVERSION = YES;
				CLANG_WARN_DEPRECATED_OBJC_IMPLEMENTATIONS = YES;
				CLANG_WARN_DIRECT_OBJC_ISA_USAGE = YES_ERROR;
				CLANG_WARN_DOCUMENTATION_COMMENTS = YES;
				CLANG_WARN_EMPTY_BODY = YES;
				CLANG_WARN_ENUM_CONVERSION = YES;
				CLANG_WARN_INFINITE_RECURSION = YES;
				CLANG_WARN_INT_CONVERSION = YES;
				CLANG_WARN_NON_LITERAL_NULL_CONVERSION = YES;
				CLANG_WARN_OBJC_IMPLICIT_RETAIN_SELF = YES;
				CLANG_WARN_OBJC_LITERAL_CONVERSION = YES;
				CLANG_WARN_OBJC_ROOT_CLASS = YES_ERROR;
				CLANG_WARN_QUOTED_INCLUDE_IN_FRAMEWORK_HEADER = YES;
				CLANG_WARN_RANGE_LOOP_ANALYSIS = YES;
				CLANG_WARN_STRICT_PROTOTYPES = YES;
				CLANG_WARN_SUSPICIOUS_MOVE = YES;
				CLANG_WARN_UNGUARDED_AVAILABILITY = YES_AGGRESSIVE;
				CLANG_WARN_UNREACHABLE_CODE = YES;
				CLANG_WARN__DUPLICATE_METHOD_MATCH = YES;
				COPY_PHASE_STRIP = NO;
				DEBUG_INFORMATION_FORMAT = "dwarf-with-dsym";
				ENABLE_NS_ASSERTIONS = NO;
				ENABLE_STRICT_OBJC_MSGSEND = YES;
				GCC_C_LANGUAGE_STANDARD = gnu11;
				GCC_NO_COMMON_BLOCKS = YES;
				GCC_WARN_64_TO_32_BIT_CONVERSION = YES;
				GCC_WARN_ABOUT_RETURN_TYPE = YES_ERROR;
				GCC_WARN_UNDECLARED_SELECTOR = YES;
				GCC_WARN_UNINITIALIZED_AUTOS = YES_AGGRESSIVE;
				GCC_WARN_UNUSED_FUNCTION = YES;
				GCC_WARN_UNUSED_VARIABLE = YES;
				IPHONEOS_DEPLOYMENT_TARGET = 16.0;
				MTL_ENABLE_DEBUG_INFO = NO;
				MTL_FAST_MATH = YES;
				SDKROOT = iphoneos;
				VALIDATE_PRODUCT = YES;
			};
			name = Release;
		};
		15BB8EDA2A36A42F00A66E51 /* Debug */ = {
			isa = XCBuildConfiguration;
			baseConfigurationReference = 95AB8B63FC18934FD3D58AEE /* Pods-TIanmu.debug.xcconfig */;
			buildSettings = {
				ASSETCATALOG_COMPILER_APPICON_NAME = AppIcon;
				"ASSETCATALOG_COMPILER_APPICON_NAME[sdk=iphoneos*]" = AppIcon;
				ASSETCATALOG_COMPILER_GLOBAL_ACCENT_COLOR_NAME = AccentColor;
				ASSETCATALOG_COMPILER_INCLUDE_ALL_APPICON_ASSETS = NO;
				"CODE_SIGN_IDENTITY[sdk=iphoneos*]" = "iPhone Developer";
				CODE_SIGN_STYLE = Manual;
				CURRENT_PROJECT_VERSION = 1.0.1;
				DEVELOPMENT_TEAM = "";
				"DEVELOPMENT_TEAM[sdk=iphoneos*]" = L63N47SZPH;
				GCC_PREFIX_HEADER = "TIanmu/Supporting/Tianmu-Prefix.h";
				GENERATE_INFOPLIST_FILE = YES;
				INFOPLIST_FILE = TIanmu/Info.plist;
				INFOPLIST_KEY_CFBundleDisplayName = "天目e生活";
				INFOPLIST_KEY_UIApplicationSupportsIndirectInputEvents = YES;
				INFOPLIST_KEY_UILaunchStoryboardName = LaunchScreen;
				INFOPLIST_KEY_UIMainStoryboardFile = "";
				INFOPLIST_KEY_UISupportedInterfaceOrientations = UIInterfaceOrientationPortrait;
				INFOPLIST_KEY_UISupportedInterfaceOrientations_iPad = "UIInterfaceOrientationLandscapeLeft UIInterfaceOrientationLandscapeRight UIInterfaceOrientationPortrait";
				IPHONEOS_DEPLOYMENT_TARGET = 10.0;
				LD_RUNPATH_SEARCH_PATHS = (
					"$(inherited)",
					"@executable_path/Frameworks",
				);
				MARKETING_VERSION = 1.0.1;
				PRODUCT_BUNDLE_IDENTIFIER = com.csc.zxjtzq;
				PRODUCT_NAME = "$(TARGET_NAME)";
				PROVISIONING_PROFILE_SPECIFIER = "";
				"PROVISIONING_PROFILE_SPECIFIER[sdk=iphoneos*]" = zxjtzq_develope;
				SUPPORTED_PLATFORMS = "iphoneos iphonesimulator";
				SUPPORTS_MACCATALYST = NO;
				SUPPORTS_MAC_DESIGNED_FOR_IPHONE_IPAD = NO;
				SWIFT_EMIT_LOC_STRINGS = YES;
				TARGETED_DEVICE_FAMILY = 1;
			};
			name = Debug;
		};
		15BB8EDB2A36A42F00A66E51 /* Release */ = {
			isa = XCBuildConfiguration;
			baseConfigurationReference = 7FD968295BA808AA2312CFF1 /* Pods-TIanmu.release.xcconfig */;
			buildSettings = {
				ASSETCATALOG_COMPILER_APPICON_NAME = AppIcon;
				"ASSETCATALOG_COMPILER_APPICON_NAME[sdk=iphoneos*]" = AppIcon;
				ASSETCATALOG_COMPILER_GLOBAL_ACCENT_COLOR_NAME = AccentColor;
				ASSETCATALOG_COMPILER_INCLUDE_ALL_APPICON_ASSETS = NO;
				"CODE_SIGN_IDENTITY[sdk=iphoneos*]" = "iPhone Developer";
				CODE_SIGN_STYLE = Manual;
				CURRENT_PROJECT_VERSION = 1.0.1;
				DEVELOPMENT_TEAM = "";
				"DEVELOPMENT_TEAM[sdk=iphoneos*]" = L63N47SZPH;
				GCC_PREFIX_HEADER = "TIanmu/Supporting/Tianmu-Prefix.h";
				GENERATE_INFOPLIST_FILE = YES;
				INFOPLIST_FILE = TIanmu/Info.plist;
				INFOPLIST_KEY_CFBundleDisplayName = "天目e生活";
				INFOPLIST_KEY_UIApplicationSupportsIndirectInputEvents = YES;
				INFOPLIST_KEY_UILaunchStoryboardName = LaunchScreen;
				INFOPLIST_KEY_UIMainStoryboardFile = "";
				INFOPLIST_KEY_UISupportedInterfaceOrientations = UIInterfaceOrientationPortrait;
				INFOPLIST_KEY_UISupportedInterfaceOrientations_iPad = "UIInterfaceOrientationLandscapeLeft UIInterfaceOrientationLandscapeRight UIInterfaceOrientationPortrait";
				IPHONEOS_DEPLOYMENT_TARGET = 10.0;
				LD_RUNPATH_SEARCH_PATHS = (
					"$(inherited)",
					"@executable_path/Frameworks",
				);
				MARKETING_VERSION = 1.0.1;
				PRODUCT_BUNDLE_IDENTIFIER = com.csc.zxjtzq;
				PRODUCT_NAME = "$(TARGET_NAME)";
				PROVISIONING_PROFILE_SPECIFIER = "";
				"PROVISIONING_PROFILE_SPECIFIER[sdk=iphoneos*]" = zxjtzq_develope;
				SUPPORTED_PLATFORMS = "iphoneos iphonesimulator";
				SUPPORTS_MACCATALYST = NO;
				SUPPORTS_MAC_DESIGNED_FOR_IPHONE_IPAD = NO;
				SWIFT_EMIT_LOC_STRINGS = YES;
				TARGETED_DEVICE_FAMILY = 1;
			};
			name = Release;
		};
/* End XCBuildConfiguration section */

/* Begin XCConfigurationList section */
		15BB8EBB2A36A42800A66E51 /* Build configuration list for PBXProject "TIanmu" */ = {
			isa = XCConfigurationList;
			buildConfigurations = (
				15BB8ED72A36A42F00A66E51 /* Debug */,
				15BB8ED82A36A42F00A66E51 /* Release */,
			);
			defaultConfigurationIsVisible = 0;
			defaultConfigurationName = Release;
		};
		15BB8ED92A36A42F00A66E51 /* Build configuration list for PBXNativeTarget "TIanmu" */ = {
			isa = XCConfigurationList;
			buildConfigurations = (
				15BB8EDA2A36A42F00A66E51 /* Debug */,
				15BB8EDB2A36A42F00A66E51 /* Release */,
			);
			defaultConfigurationIsVisible = 0;
			defaultConfigurationName = Release;
		};
/* End XCConfigurationList section */
	};
	rootObject = 15BB8EB82A36A42800A66E51 /* Project object */;
}
